
Microsoft Visual Studio Solution File, Format Version 12.00
# Visual Studio Version 17
VisualStudioVersion = 17.14.36616.10 d17.14
MinimumVisualStudioVersion = 10.0.40219.1
Project("{FAE04EC0-301F-11D3-BF4B-00C04F79EFBC}") = "MyWebApp", "MyWebApp\MyWebApp.csproj", "{B3E7741C-D3EB-439C-804E-454BE03FE323}"
EndProject
Global
	GlobalSection(SolutionConfigurationPlatforms) = preSolution
		Debug|Any CPU = Debug|Any CPU
		Release|Any CPU = Release|Any CPU
	EndGlobalSection
	GlobalSection(ProjectConfigurationPlatforms) = postSolution
		{B3E7741C-D3EB-439C-804E-454BE03FE323}.Debug|Any CPU.ActiveCfg = Debug|Any CPU
		{B3E7741C-D3EB-439C-804E-454BE03FE323}.Debug|Any CPU.Build.0 = Debug|Any CPU
		{B3E7741C-D3EB-439C-804E-454BE03FE323}.Release|Any CPU.ActiveCfg = Release|Any CPU
		{B3E7741C-D3EB-439C-804E-454BE03FE323}.Release|Any CPU.Build.0 = Release|Any CPU
	EndGlobalSection
	GlobalSection(SolutionProperties) = preSolution
		HideSolutionNode = FALSE
	EndGlobalSection
	GlobalSection(ExtensibilityGlobals) = postSolution
		SolutionGuid = {86E7379F-2729-4DBF-942F-5D77EC4F4F43}
	EndGlobalSection
EndGlobal
